
Microsoft Visual Studio Solution File, Format Version 12.00
# Visual Studio Version 17
VisualStudioVersion = 17.0.32112.339
MinimumVisualStudioVersion = 10.0.40219.1
Project("{9A19103F-16F7-4668-BE54-9A1E7A4F7556}") = "FluentVal", "FluentVal\FluentVal.csproj", "{6EF1D29C-4A5B-4527-AD54-0586527EF87D}"
EndProject
Project("{9A19103F-16F7-4668-BE54-9A1E7A4F7556}") = "UdemyIdentity", "UdemyIdentity\UdemyIdentity.csproj", "{F5450951-14FE-4B03-96E7-0D61B222560F}"
EndProject
Global
	GlobalSection(SolutionConfigurationPlatforms) = preSolution
		Debug|Any CPU = Debug|Any CPU
		Release|Any CPU = Release|Any CPU
	EndGlobalSection
	GlobalSection(ProjectConfigurationPlatforms) = postSolution
		{6EF1D29C-4A5B-4527-AD54-0586527EF87D}.Debug|Any CPU.ActiveCfg = Debug|Any CPU
		{6EF1D29C-4A5B-4527-AD54-0586527EF87D}.Debug|Any CPU.Build.0 = Debug|Any CPU
		{6EF1D29C-4A5B-4527-AD54-0586527EF87D}.Release|Any CPU.ActiveCfg = Release|Any CPU
		{6EF1D29C-4A5B-4527-AD54-0586527EF87D}.Release|Any CPU.Build.0 = Release|Any CPU
		{F5450951-14FE-4B03-96E7-0D61B222560F}.Debug|Any CPU.ActiveCfg = Debug|Any CPU
		{F5450951-14FE-4B03-96E7-0D61B222560F}.Debug|Any CPU.Build.0 = Debug|Any CPU
		{F5450951-14FE-4B03-96E7-0D61B222560F}.Release|Any CPU.ActiveCfg = Release|Any CPU
		{F5450951-14FE-4B03-96E7-0D61B222560F}.Release|Any CPU.Build.0 = Release|Any CPU
	EndGlobalSection
	GlobalSection(SolutionProperties) = preSolution
		HideSolutionNode = FALSE
	EndGlobalSection
	GlobalSection(ExtensibilityGlobals) = postSolution
		SolutionGuid = {F83ADC87-C512-407D-8ED0-06C5585B898B}
	EndGlobalSection
EndGlobal
